
Microsoft Visual Studio Solution File, Format Version 12.00
# Visual Studio Version 16
VisualStudioVersion = 16.0.30406.217
MinimumVisualStudioVersion = 10.0.40219.1
Project("{FAE04EC0-301F-11D3-BF4B-00C04F79EFBC}") = "EmployeeMS", "EmployeeMS\EmployeeMS.csproj", "{545E7897-08FB-4E63-946A-9D39058E60A0}"
EndProject
Global
	GlobalSection(SolutionConfigurationPlatforms) = preSolution
		Debug|Any CPU = Debug|Any CPU
		Release|Any CPU = Release|Any CPU
	EndGlobalSection
	GlobalSection(ProjectConfigurationPlatforms) = postSolution
		{545E7897-08FB-4E63-946A-9D39058E60A0}.Debug|Any CPU.ActiveCfg = Debug|Any CPU
		{545E7897-08FB-4E63-946A-9D39058E60A0}.Debug|Any CPU.Build.0 = Debug|Any CPU
		{545E7897-08FB-4E63-946A-9D39058E60A0}.Release|Any CPU.ActiveCfg = Release|Any CPU
		{545E7897-08FB-4E63-946A-9D39058E60A0}.Release|Any CPU.Build.0 = Release|Any CPU
	EndGlobalSection
	GlobalSection(SolutionProperties) = preSolution
		HideSolutionNode = FALSE
	EndGlobalSection
	GlobalSection(ExtensibilityGlobals) = postSolution
		SolutionGuid = {8CC02EEF-A30E-488C-B130-6F56CD1F3865}
	EndGlobalSection
EndGlobal
